
Microsoft Visual Studio Solution File, Format Version 12.00
# Visual Studio Version 16
VisualStudioVersion = 16.0.30413.136
MinimumVisualStudioVersion = 10.0.40219.1
Project("{FAE04EC0-301F-11D3-BF4B-00C04F79EFBC}") = "HackerNewsTest", "HackerNewsTest\HackerNewsTest.csproj", "{43696F1F-E924-4BF3-BFA7-FBC1BF63ACC3}"
EndProject
Global
	GlobalSection(SolutionConfigurationPlatforms) = preSolution
		Debug|Any CPU = Debug|Any CPU
		Release|Any CPU = Release|Any CPU
	EndGlobalSection
	GlobalSection(ProjectConfigurationPlatforms) = postSolution
		{43696F1F-E924-4BF3-BFA7-FBC1BF63ACC3}.Debug|Any CPU.ActiveCfg = Debug|Any CPU
		{43696F1F-E924-4BF3-BFA7-FBC1BF63ACC3}.Debug|Any CPU.Build.0 = Debug|Any CPU
		{43696F1F-E924-4BF3-BFA7-FBC1BF63ACC3}.Release|Any CPU.ActiveCfg = Release|Any CPU
		{43696F1F-E924-4BF3-BFA7-FBC1BF63ACC3}.Release|Any CPU.Build.0 = Release|Any CPU
	EndGlobalSection
	GlobalSection(SolutionProperties) = preSolution
		HideSolutionNode = FALSE
	EndGlobalSection
	GlobalSection(ExtensibilityGlobals) = postSolution
		SolutionGuid = {CB740C9A-468A-4565-97D0-103240C3C14E}
	EndGlobalSection
EndGlobal
